
Microsoft Visual Studio Solution File, Format Version 12.00
# Visual Studio Version 17
VisualStudioVersion = 17.4.33205.214
MinimumVisualStudioVersion = 10.0.40219.1
Project("{9A19103F-16F7-4668-BE54-9A1E7A4F7556}") = "WebApi", "WebApi.csproj", "{B56E3246-B0D0-469A-8D52-73D3C50F66F3}"
EndProject
Project("{9A19103F-16F7-4668-BE54-9A1E7A4F7556}") = "WebApi.Tests", "..\WebApi.Tests\WebApi.Tests.csproj", "{94D65A07-320B-46E7-8734-684063D31682}"
EndProject
Global
	GlobalSection(SolutionConfigurationPlatforms) = preSolution
		Debug|Any CPU = Debug|Any CPU
		Release|Any CPU = Release|Any CPU
	EndGlobalSection
	GlobalSection(ProjectConfigurationPlatforms) = postSolution
		{B56E3246-B0D0-469A-8D52-73D3C50F66F3}.Debug|Any CPU.ActiveCfg = Debug|Any CPU
		{B56E3246-B0D0-469A-8D52-73D3C50F66F3}.Debug|Any CPU.Build.0 = Debug|Any CPU
		{B56E3246-B0D0-469A-8D52-73D3C50F66F3}.Release|Any CPU.ActiveCfg = Release|Any CPU
		{B56E3246-B0D0-469A-8D52-73D3C50F66F3}.Release|Any CPU.Build.0 = Release|Any CPU
		{94D65A07-320B-46E7-8734-684063D31682}.Debug|Any CPU.ActiveCfg = Debug|Any CPU
		{94D65A07-320B-46E7-8734-684063D31682}.Debug|Any CPU.Build.0 = Debug|Any CPU
		{94D65A07-320B-46E7-8734-684063D31682}.Release|Any CPU.ActiveCfg = Release|Any CPU
		{94D65A07-320B-46E7-8734-684063D31682}.Release|Any CPU.Build.0 = Release|Any CPU
	EndGlobalSection
	GlobalSection(SolutionProperties) = preSolution
		HideSolutionNode = FALSE
	EndGlobalSection
	GlobalSection(ExtensibilityGlobals) = postSolution
		SolutionGuid = {DEA8B215-0DFC-45E8-8282-F2033AF65146}
	EndGlobalSection
EndGlobal
